schema: '2.0'
stages:
  data_ingestion:
    cmd: python src/data_ingestion.py
    deps:
    - path: src/data_ingestion.py
      hash: md5
      md5: 1448c569bfb7e2555ce58c475e435809
      size: 851
    outs:
    - path: src/data/raw/ship_fuel_raw.csv
      hash: md5
      md5: 94729d8e0db5c6cc6f43da86fcdb07de
      size: 120809
  preprocessing:
    cmd: python src/preprocessing.py
    deps:
    - path: src/data/raw/ship_fuel_raw.csv
      hash: md5
      md5: 94729d8e0db5c6cc6f43da86fcdb07de
      size: 120809
    - path: src/preprocessing.py
      hash: md5
      md5: 3454580b51aca36bd646558f13f542ce
      size: 2346
    params:
      params.yaml:
        data.random_state: 30
        data.test_size: 0.25
    outs:
    - path: src/data/processed/
      hash: md5
      md5: aa285e837770bef601584d2e369d7925.dir
      size: 41695
      nfiles: 4
    - path: src/models/preprocessor.pkl
      hash: md5
      md5: 99aa89182d07d10661d2d6e4f2174716
      size: 2053
  train:
    cmd: python src/train.py
    deps:
    - path: src/data/processed/
      hash: md5
      md5: aa285e837770bef601584d2e369d7925.dir
      size: 41695
      nfiles: 4
    - path: src/train.py
      hash: md5
      md5: 00d4213bcb592e44029a06c00788f90b
      size: 4359
    params:
      params.yaml:
        model.cv: 7
        model.scoring: r2
    outs:
    - path: mlruns/
      hash: md5
      md5: 0899f17c16629641023b88712f3871ae.dir
      size: 731689
      nfiles: 20
  best_model:
    cmd: python src/best_model.py
    deps:
    - path: mlruns/
      hash: md5
      md5: 0899f17c16629641023b88712f3871ae.dir
      size: 731689
      nfiles: 20
    - path: src/best_model.py
      hash: md5
      md5: 94783877914d5d5a13e2467c6ebddd69
      size: 1143
